# This file is autogenerated, do not edit; changes may be undone by the next 'dep ensure'.


[[projects]]
  branch = "master"
  digest = "1:a330103bc9731260ee9fa14764e9e3fce46e02de19d6aca3eeba1d425badfbf0"
  name = "github.com/juju/loggo"
  packages = ["."]
  pruneopts = "UT"
  revision = "584905176618da46b895b176c721b02c476b6993"

[[projects]]
  digest = "1:8ef506fc2bb9ced9b151dafa592d4046063d744c646c1bbe801982ce87e4bc24"
  name = "github.com/lib/pq"
  packages = [
    ".",
    "oid",
  ]
  pruneopts = "UT"
  revision = "4ded0e9383f75c197b3a2aaa6d590ac52df6fd79"
  version = "v1.0.0"

[[projects]]
  branch = "master"
  digest = "1:03f6f430c25614089460bd1531c21edc10ba3971fa3362995a18dabbd16da705"
  name = "github.com/pborman/getopt"
  packages = ["v2"]
  pruneopts = "UT"
  revision = "2b5b3bfb099b7da3e2f433966f8ab1d5803e0876"

[[projects]]
  digest = "1:342378ac4dcb378a5448dd723f0784ae519383532f5e70ade24132c4c8693202"
  name = "gopkg.in/yaml.v2"
  packages = ["."]
  pruneopts = "UT"
  revision = "5420a8b6744d3b0345ab293f6fcba19c978f1183"
  version = "v2.2.1"

[solve-meta]
  analyzer-name = "dep"
  analyzer-version = 1
  input-imports = [
    "github.com/juju/loggo",
    "github.com/lib/pq",
    "github.com/pborman/getopt/v2",
    "gopkg.in/yaml.v2",
  ]
  solver-name = "gps-cdcl"
  solver-version = 1
